// !$*UTF8*$!
{
	archiveVersion = 1;
	classes = {
	};
	objectVersion = 55;
	objects = {

/* Begin PBXBuildFile section */
		32B63F3528A3EE1A00811E02 /* MainView.swift in Sources */ = {isa = PBXBuildFile; fileRef = 32B63F3428A3EE1A00811E02 /* MainView.swift */; };
		32B63F3728A3EE3400811E02 /* RoastsView.swift in Sources */ = {isa = PBXBuildFile; fileRef = 32B63F3628A3EE3400811E02 /* RoastsView.swift */; };
		32B63F3928A3EE8500811E02 /* SettingsView.swift in Sources */ = {isa = PBXBuildFile; fileRef = 32B63F3828A3EE8500811E02 /* SettingsView.swift */; };
		32B63F3C28A531E200811E02 /* ProfilesView.swift in Sources */ = {isa = PBXBuildFile; fileRef = 32B63F3B28A531E200811E02 /* ProfilesView.swift */; };
		32B63F3F28A532BF00811E02 /* Profile.swift in Sources */ = {isa = PBXBuildFile; fileRef = 32B63F3E28A532BF00811E02 /* Profile.swift */; };
		32B63F4128A533D300811E02 /* ProfilesService.swift in Sources */ = {isa = PBXBuildFile; fileRef = 32B63F4028A533D300811E02 /* ProfilesService.swift */; };
		32B63F4328A535F400811E02 /* ProfilesServiceImpl.swift in Sources */ = {isa = PBXBuildFile; fileRef = 32B63F4228A535F400811E02 /* ProfilesServiceImpl.swift */; };
		32B63F4528A5373300811E02 /* CoreDataService.swift in Sources */ = {isa = PBXBuildFile; fileRef = 32B63F4428A5373300811E02 /* CoreDataService.swift */; };
		32B63F4828A5387600811E02 /* roaster.xcdatamodeld in Sources */ = {isa = PBXBuildFile; fileRef = 32B63F4628A5387600811E02 /* roaster.xcdatamodeld */; };
		32B63F4A28A5394500811E02 /* CoreDataServiceImpl.swift in Sources */ = {isa = PBXBuildFile; fileRef = 32B63F4928A5394500811E02 /* CoreDataServiceImpl.swift */; };
		32B63F4C28A5949000811E02 /* ProfilesViewModel.swift in Sources */ = {isa = PBXBuildFile; fileRef = 32B63F4B28A5949000811E02 /* ProfilesViewModel.swift */; };
		32B63F4E28A59A5D00811E02 /* EditProfileView.swift in Sources */ = {isa = PBXBuildFile; fileRef = 32B63F4D28A59A5D00811E02 /* EditProfileView.swift */; };
		32B63F5028A59BA200811E02 /* EditProfileViewModel.swift in Sources */ = {isa = PBXBuildFile; fileRef = 32B63F4F28A59BA200811E02 /* EditProfileViewModel.swift */; };
		32B63F5228A70F9E00811E02 /* ProfileCellView.swift in Sources */ = {isa = PBXBuildFile; fileRef = 32B63F5128A70F9E00811E02 /* ProfileCellView.swift */; };
		32B63F5528A7105300811E02 /* Date.swift in Sources */ = {isa = PBXBuildFile; fileRef = 32B63F5428A7105300811E02 /* Date.swift */; };
		32B63F5728A7D81F00811E02 /* Roast.swift in Sources */ = {isa = PBXBuildFile; fileRef = 32B63F5628A7D81F00811E02 /* Roast.swift */; };
		32B63F5928A7D98100811E02 /* Temp.swift in Sources */ = {isa = PBXBuildFile; fileRef = 32B63F5828A7D98100811E02 /* Temp.swift */; };
		32B63F5B28A7DF7B00811E02 /* RoastsService.swift in Sources */ = {isa = PBXBuildFile; fileRef = 32B63F5A28A7DF7B00811E02 /* RoastsService.swift */; };
		32B63F5D28A7DFD000811E02 /* RoastsServiceImpl.swift in Sources */ = {isa = PBXBuildFile; fileRef = 32B63F5C28A7DFD000811E02 /* RoastsServiceImpl.swift */; };
		32B63F5F28A821EC00811E02 /* RoastCellView.swift in Sources */ = {isa = PBXBuildFile; fileRef = 32B63F5E28A821EC00811E02 /* RoastCellView.swift */; };
		32B63F6128A8222D00811E02 /* RoastsViewModel.swift in Sources */ = {isa = PBXBuildFile; fileRef = 32B63F6028A8222D00811E02 /* RoastsViewModel.swift */; };
		32B63F6328A8225300811E02 /* CreateRoastView.swift in Sources */ = {isa = PBXBuildFile; fileRef = 32B63F6228A8225300811E02 /* CreateRoastView.swift */; };
		32B63F6528A8226C00811E02 /* RoastView.swift in Sources */ = {isa = PBXBuildFile; fileRef = 32B63F6428A8226C00811E02 /* RoastView.swift */; };
		32B63F6728A8228C00811E02 /* CreateRoastViewModel.swift in Sources */ = {isa = PBXBuildFile; fileRef = 32B63F6628A8228C00811E02 /* CreateRoastViewModel.swift */; };
		32B63F6B28A96D7200811E02 /* TempView.swift in Sources */ = {isa = PBXBuildFile; fileRef = 32B63F6A28A96D7200811E02 /* TempView.swift */; };
		32B63F6D28A96D8100811E02 /* TempViewModel.swift in Sources */ = {isa = PBXBuildFile; fileRef = 32B63F6C28A96D8100811E02 /* TempViewModel.swift */; };
		32B63F6F28A9833800811E02 /* Int.swift in Sources */ = {isa = PBXBuildFile; fileRef = 32B63F6E28A9833800811E02 /* Int.swift */; };
		32B63F7228A99B4F00811E02 /* IntDoubleBinding.swift in Sources */ = {isa = PBXBuildFile; fileRef = 32B63F7128A99B4F00811E02 /* IntDoubleBinding.swift */; };
		32B63F7828AB001D00811E02 /* Charts in Frameworks */ = {isa = PBXBuildFile; productRef = 32B63F7728AB001D00811E02 /* Charts */; };
		32B63F7A28AB006E00811E02 /* TempChartView.swift in Sources */ = {isa = PBXBuildFile; fileRef = 32B63F7928AB006E00811E02 /* TempChartView.swift */; };
		32CA3DC428A3E8D000A12933 /* roasterApp.swift in Sources */ = {isa = PBXBuildFile; fileRef = 32CA3DC328A3E8D000A12933 /* roasterApp.swift */; };
		32CA3DC628A3E8D000A12933 /* ContentView.swift in Sources */ = {isa = PBXBuildFile; fileRef = 32CA3DC528A3E8D000A12933 /* ContentView.swift */; };
		32CA3DC828A3E8D000A12933 /* Assets.xcassets in Resources */ = {isa = PBXBuildFile; fileRef = 32CA3DC728A3E8D000A12933 /* Assets.xcassets */; };
		32CA3DCB28A3E8D000A12933 /* Preview Assets.xcassets in Resources */ = {isa = PBXBuildFile; fileRef = 32CA3DCA28A3E8D000A12933 /* Preview Assets.xcassets */; };
/* End PBXBuildFile section */

/* Begin PBXFileReference section */
		32B63F3428A3EE1A00811E02 /* MainView.swift */ = {isa = PBXFileReference; lastKnownFileType = sourcecode.swift; path = MainView.swift; sourceTree = "<group>"; };
		32B63F3628A3EE3400811E02 /* RoastsView.swift */ = {isa = PBXFileReference; lastKnownFileType = sourcecode.swift; path = RoastsView.swift; sourceTree = "<group>"; };
		32B63F3828A3EE8500811E02 /* SettingsView.swift */ = {isa = PBXFileReference; lastKnownFileType = sourcecode.swift; path = SettingsView.swift; sourceTree = "<group>"; };
		32B63F3B28A531E200811E02 /* ProfilesView.swift */ = {isa = PBXFileReference; lastKnownFileType = sourcecode.swift; path = ProfilesView.swift; sourceTree = "<group>"; };
		32B63F3E28A532BF00811E02 /* Profile.swift */ = {isa = PBXFileReference; lastKnownFileType = sourcecode.swift; path = Profile.swift; sourceTree = "<group>"; };
		32B63F4028A533D300811E02 /* ProfilesService.swift */ = {isa = PBXFileReference; lastKnownFileType = sourcecode.swift; path = ProfilesService.swift; sourceTree = "<group>"; };
		32B63F4228A535F400811E02 /* ProfilesServiceImpl.swift */ = {isa = PBXFileReference; lastKnownFileType = sourcecode.swift; path = ProfilesServiceImpl.swift; sourceTree = "<group>"; };
		32B63F4428A5373300811E02 /* CoreDataService.swift */ = {isa = PBXFileReference; lastKnownFileType = sourcecode.swift; path = CoreDataService.swift; sourceTree = "<group>"; };
		32B63F4728A5387600811E02 /* roaster.xcdatamodel */ = {isa = PBXFileReference; lastKnownFileType = wrapper.xcdatamodel; path = roaster.xcdatamodel; sourceTree = "<group>"; };
		32B63F4928A5394500811E02 /* CoreDataServiceImpl.swift */ = {isa = PBXFileReference; lastKnownFileType = sourcecode.swift; path = CoreDataServiceImpl.swift; sourceTree = "<group>"; };
		32B63F4B28A5949000811E02 /* ProfilesViewModel.swift */ = {isa = PBXFileReference; lastKnownFileType = sourcecode.swift; path = ProfilesViewModel.swift; sourceTree = "<group>"; };
		32B63F4D28A59A5D00811E02 /* EditProfileView.swift */ = {isa = PBXFileReference; lastKnownFileType = sourcecode.swift; path = EditProfileView.swift; sourceTree = "<group>"; };
		32B63F4F28A59BA200811E02 /* EditProfileViewModel.swift */ = {isa = PBXFileReference; fileEncoding = 4; lastKnownFileType = sourcecode.swift; path = EditProfileViewModel.swift; sourceTree = "<group>"; };
		32B63F5128A70F9E00811E02 /* ProfileCellView.swift */ = {isa = PBXFileReference; lastKnownFileType = sourcecode.swift; path = ProfileCellView.swift; sourceTree = "<group>"; };
		32B63F5428A7105300811E02 /* Date.swift */ = {isa = PBXFileReference; lastKnownFileType = sourcecode.swift; path = Date.swift; sourceTree = "<group>"; };
		32B63F5628A7D81F00811E02 /* Roast.swift */ = {isa = PBXFileReference; fileEncoding = 4; lastKnownFileType = sourcecode.swift; path = Roast.swift; sourceTree = "<group>"; };
		32B63F5828A7D98100811E02 /* Temp.swift */ = {isa = PBXFileReference; fileEncoding = 4; lastKnownFileType = sourcecode.swift; path = Temp.swift; sourceTree = "<group>"; };
		32B63F5A28A7DF7B00811E02 /* RoastsService.swift */ = {isa = PBXFileReference; fileEncoding = 4; lastKnownFileType = sourcecode.swift; path = RoastsService.swift; sourceTree = "<group>"; };
		32B63F5C28A7DFD000811E02 /* RoastsServiceImpl.swift */ = {isa = PBXFileReference; fileEncoding = 4; lastKnownFileType = sourcecode.swift; path = RoastsServiceImpl.swift; sourceTree = "<group>"; };
		32B63F5E28A821EC00811E02 /* RoastCellView.swift */ = {isa = PBXFileReference; lastKnownFileType = sourcecode.swift; path = RoastCellView.swift; sourceTree = "<group>"; };
		32B63F6028A8222D00811E02 /* RoastsViewModel.swift */ = {isa = PBXFileReference; lastKnownFileType = sourcecode.swift; path = RoastsViewModel.swift; sourceTree = "<group>"; };
		32B63F6228A8225300811E02 /* CreateRoastView.swift */ = {isa = PBXFileReference; lastKnownFileType = sourcecode.swift; path = CreateRoastView.swift; sourceTree = "<group>"; };
		32B63F6428A8226C00811E02 /* RoastView.swift */ = {isa = PBXFileReference; lastKnownFileType = sourcecode.swift; path = RoastView.swift; sourceTree = "<group>"; };
		32B63F6628A8228C00811E02 /* CreateRoastViewModel.swift */ = {isa = PBXFileReference; lastKnownFileType = sourcecode.swift; path = CreateRoastViewModel.swift; sourceTree = "<group>"; };
		32B63F6A28A96D7200811E02 /* TempView.swift */ = {isa = PBXFileReference; lastKnownFileType = sourcecode.swift; path = TempView.swift; sourceTree = "<group>"; };
		32B63F6C28A96D8100811E02 /* TempViewModel.swift */ = {isa = PBXFileReference; lastKnownFileType = sourcecode.swift; path = TempViewModel.swift; sourceTree = "<group>"; };
		32B63F6E28A9833800811E02 /* Int.swift */ = {isa = PBXFileReference; lastKnownFileType = sourcecode.swift; path = Int.swift; sourceTree = "<group>"; };
		32B63F7128A99B4F00811E02 /* IntDoubleBinding.swift */ = {isa = PBXFileReference; lastKnownFileType = sourcecode.swift; path = IntDoubleBinding.swift; sourceTree = "<group>"; };
		32B63F7928AB006E00811E02 /* TempChartView.swift */ = {isa = PBXFileReference; lastKnownFileType = sourcecode.swift; path = TempChartView.swift; sourceTree = "<group>"; };
		32CA3DC028A3E8D000A12933 /* Roaster.app */ = {isa = PBXFileReference; explicitFileType = wrapper.application; includeInIndex = 0; path = Roaster.app; sourceTree = BUILT_PRODUCTS_DIR; };
		32CA3DC328A3E8D000A12933 /* roasterApp.swift */ = {isa = PBXFileReference; lastKnownFileType = sourcecode.swift; path = roasterApp.swift; sourceTree = "<group>"; };
		32CA3DC528A3E8D000A12933 /* ContentView.swift */ = {isa = PBXFileReference; lastKnownFileType = sourcecode.swift; path = ContentView.swift; sourceTree = "<group>"; };
		32CA3DC728A3E8D000A12933 /* Assets.xcassets */ = {isa = PBXFileReference; lastKnownFileType = folder.assetcatalog; path = Assets.xcassets; sourceTree = "<group>"; };
		32CA3DCA28A3E8D000A12933 /* Preview Assets.xcassets */ = {isa = PBXFileReference; lastKnownFileType = folder.assetcatalog; path = "Preview Assets.xcassets"; sourceTree = "<group>"; };
/* End PBXFileReference section */

/* Begin PBXFrameworksBuildPhase section */
		32CA3DBD28A3E8D000A12933 /* Frameworks */ = {
			isa = PBXFrameworksBuildPhase;
			buildActionMask = 2147483647;
			files = (
				32B63F7828AB001D00811E02 /* Charts in Frameworks */,
			);
			runOnlyForDeploymentPostprocessing = 0;
		};
/* End PBXFrameworksBuildPhase section */

/* Begin PBXGroup section */
		32B63F2E28A3ED8A00811E02 /* UI */ = {
			isa = PBXGroup;
			children = (
				32B63F3128A3EDC500811E02 /* Main */,
				32B63F3A28A531C500811E02 /* Profiles */,
				32B63F3328A3EDF800811E02 /* Roasts */,
				32B63F3228A3EDCC00811E02 /* Settings */,
				32CA3DC528A3E8D000A12933 /* ContentView.swift */,
			);
			path = UI;
			sourceTree = "<group>";
		};
		32B63F2F28A3ED9800811E02 /* Services */ = {
			isa = PBXGroup;
			children = (
				32B63F4428A5373300811E02 /* CoreDataService.swift */,
				32B63F4928A5394500811E02 /* CoreDataServiceImpl.swift */,
				32B63F4028A533D300811E02 /* ProfilesService.swift */,
				32B63F4228A535F400811E02 /* ProfilesServiceImpl.swift */,
				32B63F5A28A7DF7B00811E02 /* RoastsService.swift */,
				32B63F5C28A7DFD000811E02 /* RoastsServiceImpl.swift */,
			);
			path = Services;
			sourceTree = "<group>";
		};
		32B63F3028A3EDB200811E02 /* UseCases */ = {
			isa = PBXGroup;
			children = (
			);
			path = UseCases;
			sourceTree = "<group>";
		};
		32B63F3128A3EDC500811E02 /* Main */ = {
			isa = PBXGroup;
			children = (
				32B63F3428A3EE1A00811E02 /* MainView.swift */,
			);
			path = Main;
			sourceTree = "<group>";
		};
		32B63F3228A3EDCC00811E02 /* Settings */ = {
			isa = PBXGroup;
			children = (
				32B63F3828A3EE8500811E02 /* SettingsView.swift */,
			);
			path = Settings;
			sourceTree = "<group>";
		};
		32B63F3328A3EDF800811E02 /* Roasts */ = {
			isa = PBXGroup;
			children = (
				32B63F6228A8225300811E02 /* CreateRoastView.swift */,
				32B63F6628A8228C00811E02 /* CreateRoastViewModel.swift */,
				32B63F5E28A821EC00811E02 /* RoastCellView.swift */,
				32B63F6428A8226C00811E02 /* RoastView.swift */,
				32B63F3628A3EE3400811E02 /* RoastsView.swift */,
				32B63F6028A8222D00811E02 /* RoastsViewModel.swift */,
				32B63F7928AB006E00811E02 /* TempChartView.swift */,
				32B63F6A28A96D7200811E02 /* TempView.swift */,
				32B63F6C28A96D8100811E02 /* TempViewModel.swift */,
			);
			path = Roasts;
			sourceTree = "<group>";
		};
		32B63F3A28A531C500811E02 /* Profiles */ = {
			isa = PBXGroup;
			children = (
				32B63F4D28A59A5D00811E02 /* EditProfileView.swift */,
				32B63F4F28A59BA200811E02 /* EditProfileViewModel.swift */,
				32B63F5128A70F9E00811E02 /* ProfileCellView.swift */,
				32B63F3B28A531E200811E02 /* ProfilesView.swift */,
				32B63F4B28A5949000811E02 /* ProfilesViewModel.swift */,
			);
			path = Profiles;
			sourceTree = "<group>";
		};
		32B63F3D28A532A200811E02 /* Models */ = {
			isa = PBXGroup;
			children = (
				32B63F3E28A532BF00811E02 /* Profile.swift */,
				32B63F5628A7D81F00811E02 /* Roast.swift */,
				32B63F5828A7D98100811E02 /* Temp.swift */,
			);
			path = Models;
			sourceTree = "<group>";
		};
		32B63F5328A7104200811E02 /* Utils */ = {
			isa = PBXGroup;
			children = (
				32B63F5428A7105300811E02 /* Date.swift */,
				32B63F6E28A9833800811E02 /* Int.swift */,
				32B63F7128A99B4F00811E02 /* IntDoubleBinding.swift */,
			);
			path = Utils;
			sourceTree = "<group>";
		};
		32B63F7628AB001D00811E02 /* Frameworks */ = {
			isa = PBXGroup;
			children = (
			);
			name = Frameworks;
			sourceTree = "<group>";
		};
		32CA3DB728A3E8D000A12933 = {
			isa = PBXGroup;
			children = (
				32CA3DC228A3E8D000A12933 /* roaster */,
				32CA3DC128A3E8D000A12933 /* Products */,
				32B63F7628AB001D00811E02 /* Frameworks */,
			);
			sourceTree = "<group>";
		};
		32CA3DC128A3E8D000A12933 /* Products */ = {
			isa = PBXGroup;
			children = (
				32CA3DC028A3E8D000A12933 /* Roaster.app */,
			);
			name = Products;
			sourceTree = "<group>";
		};
		32CA3DC228A3E8D000A12933 /* roaster */ = {
			isa = PBXGroup;
			children = (
				32B63F3D28A532A200811E02 /* Models */,
				32B63F2F28A3ED9800811E02 /* Services */,
				32B63F3028A3EDB200811E02 /* UseCases */,
				32B63F2E28A3ED8A00811E02 /* UI */,
				32B63F5328A7104200811E02 /* Utils */,
				32CA3DC328A3E8D000A12933 /* roasterApp.swift */,
				32B63F4628A5387600811E02 /* roaster.xcdatamodeld */,
				32CA3DC728A3E8D000A12933 /* Assets.xcassets */,
				32CA3DC928A3E8D000A12933 /* Preview Content */,
			);
			path = roaster;
			sourceTree = "<group>";
		};
		32CA3DC928A3E8D000A12933 /* Preview Content */ = {
			isa = PBXGroup;
			children = (
				32CA3DCA28A3E8D000A12933 /* Preview Assets.xcassets */,
			);
			path = "Preview Content";
			sourceTree = "<group>";
		};
/* End PBXGroup section */

/* Begin PBXNativeTarget section */
		32CA3DBF28A3E8D000A12933 /* roaster */ = {
			isa = PBXNativeTarget;
			buildConfigurationList = 32CA3DCE28A3E8D000A12933 /* Build configuration list for PBXNativeTarget "roaster" */;
			buildPhases = (
				32CA3DBC28A3E8D000A12933 /* Sources */,
				32CA3DBD28A3E8D000A12933 /* Frameworks */,
				32CA3DBE28A3E8D000A12933 /* Resources */,
			);
			buildRules = (
			);
			dependencies = (
			);
			name = roaster;
			packageProductDependencies = (
				32B63F7728AB001D00811E02 /* Charts */,
			);
			productName = roaster;
			productReference = 32CA3DC028A3E8D000A12933 /* Roaster.app */;
			productType = "com.apple.product-type.application";
		};
/* End PBXNativeTarget section */

/* Begin PBXProject section */
		32CA3DB828A3E8D000A12933 /* Project object */ = {
			isa = PBXProject;
			attributes = {
				BuildIndependentTargetsInParallel = 1;
				LastSwiftUpdateCheck = 1340;
				LastUpgradeCheck = 1340;
				TargetAttributes = {
					32CA3DBF28A3E8D000A12933 = {
						CreatedOnToolsVersion = 13.4.1;
					};
				};
			};
			buildConfigurationList = 32CA3DBB28A3E8D000A12933 /* Build configuration list for PBXProject "roaster" */;
			compatibilityVersion = "Xcode 13.0";
			developmentRegion = en;
			hasScannedForEncodings = 0;
			knownRegions = (
				en,
				Base,
			);
			mainGroup = 32CA3DB728A3E8D000A12933;
			packageReferences = (
				32B63F7328AAFFA100811E02 /* XCRemoteSwiftPackageReference "Charts" */,
			);
			productRefGroup = 32CA3DC128A3E8D000A12933 /* Products */;
			projectDirPath = "";
			projectRoot = "";
			targets = (
				32CA3DBF28A3E8D000A12933 /* roaster */,
			);
		};
/* End PBXProject section */

/* Begin PBXResourcesBuildPhase section */
		32CA3DBE28A3E8D000A12933 /* Resources */ = {
			isa = PBXResourcesBuildPhase;
			buildActionMask = 2147483647;
			files = (
				32CA3DCB28A3E8D000A12933 /* Preview Assets.xcassets in Resources */,
				32CA3DC828A3E8D000A12933 /* Assets.xcassets in Resources */,
			);
			runOnlyForDeploymentPostprocessing = 0;
		};
/* End PBXResourcesBuildPhase section */

/* Begin PBXSourcesBuildPhase section */
		32CA3DBC28A3E8D000A12933 /* Sources */ = {
			isa = PBXSourcesBuildPhase;
			buildActionMask = 2147483647;
			files = (
				32B63F4E28A59A5D00811E02 /* EditProfileView.swift in Sources */,
				32B63F4328A535F400811E02 /* ProfilesServiceImpl.swift in Sources */,
				32B63F3928A3EE8500811E02 /* SettingsView.swift in Sources */,
				32B63F6F28A9833800811E02 /* Int.swift in Sources */,
				32CA3DC628A3E8D000A12933 /* ContentView.swift in Sources */,
				32B63F5928A7D98100811E02 /* Temp.swift in Sources */,
				32B63F3528A3EE1A00811E02 /* MainView.swift in Sources */,
				32B63F3F28A532BF00811E02 /* Profile.swift in Sources */,
				32B63F7228A99B4F00811E02 /* IntDoubleBinding.swift in Sources */,
				32B63F5D28A7DFD000811E02 /* RoastsServiceImpl.swift in Sources */,
				32B63F6D28A96D8100811E02 /* TempViewModel.swift in Sources */,
				32B63F5528A7105300811E02 /* Date.swift in Sources */,
				32B63F4528A5373300811E02 /* CoreDataService.swift in Sources */,
				32B63F5F28A821EC00811E02 /* RoastCellView.swift in Sources */,
				32B63F3728A3EE3400811E02 /* RoastsView.swift in Sources */,
				32B63F6128A8222D00811E02 /* RoastsViewModel.swift in Sources */,
				32B63F4A28A5394500811E02 /* CoreDataServiceImpl.swift in Sources */,
				32B63F6528A8226C00811E02 /* RoastView.swift in Sources */,
				32B63F4128A533D300811E02 /* ProfilesService.swift in Sources */,
				32B63F6728A8228C00811E02 /* CreateRoastViewModel.swift in Sources */,
				32B63F3C28A531E200811E02 /* ProfilesView.swift in Sources */,
				32B63F6328A8225300811E02 /* CreateRoastView.swift in Sources */,
				32B63F4C28A5949000811E02 /* ProfilesViewModel.swift in Sources */,
				32B63F5228A70F9E00811E02 /* ProfileCellView.swift in Sources */,
				32B63F5028A59BA200811E02 /* EditProfileViewModel.swift in Sources */,
				32B63F5728A7D81F00811E02 /* Roast.swift in Sources */,
				32B63F7A28AB006E00811E02 /* TempChartView.swift in Sources */,
				32CA3DC428A3E8D000A12933 /* roasterApp.swift in Sources */,
				32B63F6B28A96D7200811E02 /* TempView.swift in Sources */,
				32B63F4828A5387600811E02 /* roaster.xcdatamodeld in Sources */,
				32B63F5B28A7DF7B00811E02 /* RoastsService.swift in Sources */,
			);
			runOnlyForDeploymentPostprocessing = 0;
		};
/* End PBXSourcesBuildPhase section */

/* Begin XCBuildConfiguration section */
		32CA3DCC28A3E8D000A12933 /* Debug */ = {
			isa = XCBuildConfiguration;
			buildSettings = {
				ALWAYS_SEARCH_USER_PATHS = NO;
				CLANG_ANALYZER_NONNULL = YES;
				CLANG_ANALYZER_NUMBER_OBJECT_CONVERSION = YES_AGGRESSIVE;
				CLANG_CXX_LANGUAGE_STANDARD = "gnu++17";
				CLANG_ENABLE_MODULES = YES;
				CLANG_ENABLE_OBJC_ARC = YES;
				CLANG_ENABLE_OBJC_WEAK = YES;
				CLANG_WARN_BLOCK_CAPTURE_AUTORELEASING = YES;
				CLANG_WARN_BOOL_CONVERSION = YES;
				CLANG_WARN_COMMA = YES;
				CLANG_WARN_CONSTANT_CONVERSION = YES;
				CLANG_WARN_DEPRECATED_OBJC_IMPLEMENTATIONS = YES;
				CLANG_WARN_DIRECT_OBJC_ISA_USAGE = YES_ERROR;
				CLANG_WARN_DOCUMENTATION_COMMENTS = YES;
				CLANG_WARN_EMPTY_BODY = YES;
				CLANG_WARN_ENUM_CONVERSION = YES;
				CLANG_WARN_INFINITE_RECURSION = YES;
				CLANG_WARN_INT_CONVERSION = YES;
				CLANG_WARN_NON_LITERAL_NULL_CONVERSION = YES;
				CLANG_WARN_OBJC_IMPLICIT_RETAIN_SELF = YES;
				CLANG_WARN_OBJC_LITERAL_CONVERSION = YES;
				CLANG_WARN_OBJC_ROOT_CLASS = YES_ERROR;
				CLANG_WARN_QUOTED_INCLUDE_IN_FRAMEWORK_HEADER = YES;
				CLANG_WARN_RANGE_LOOP_ANALYSIS = YES;
				CLANG_WARN_STRICT_PROTOTYPES = YES;
				CLANG_WARN_SUSPICIOUS_MOVE = YES;
				CLANG_WARN_UNGUARDED_AVAILABILITY = YES_AGGRESSIVE;
				CLANG_WARN_UNREACHABLE_CODE = YES;
				CLANG_WARN__DUPLICATE_METHOD_MATCH = YES;
				COPY_PHASE_STRIP = NO;
				DEBUG_INFORMATION_FORMAT = dwarf;
				ENABLE_STRICT_OBJC_MSGSEND = YES;
				ENABLE_TESTABILITY = YES;
				GCC_C_LANGUAGE_STANDARD = gnu11;
				GCC_DYNAMIC_NO_PIC = NO;
				GCC_NO_COMMON_BLOCKS = YES;
				GCC_OPTIMIZATION_LEVEL = 0;
				GCC_PREPROCESSOR_DEFINITIONS = (
					"DEBUG=1",
					"$(inherited)",
				);
				GCC_WARN_64_TO_32_BIT_CONVERSION = YES;
				GCC_WARN_ABOUT_RETURN_TYPE = YES_ERROR;
				GCC_WARN_UNDECLARED_SELECTOR = YES;
				GCC_WARN_UNINITIALIZED_AUTOS = YES_AGGRESSIVE;
				GCC_WARN_UNUSED_FUNCTION = YES;
				GCC_WARN_UNUSED_VARIABLE = YES;
				IPHONEOS_DEPLOYMENT_TARGET = 15.5;
				MTL_ENABLE_DEBUG_INFO = INCLUDE_SOURCE;
				MTL_FAST_MATH = YES;
				ONLY_ACTIVE_ARCH = YES;
				SDKROOT = iphoneos;
				SWIFT_ACTIVE_COMPILATION_CONDITIONS = DEBUG;
				SWIFT_OPTIMIZATION_LEVEL = "-Onone";
			};
			name = Debug;
		};
		32CA3DCD28A3E8D000A12933 /* Release */ = {
			isa = XCBuildConfiguration;
			buildSettings = {
				ALWAYS_SEARCH_USER_PATHS = NO;
				CLANG_ANALYZER_NONNULL = YES;
				CLANG_ANALYZER_NUMBER_OBJECT_CONVERSION = YES_AGGRESSIVE;
				CLANG_CXX_LANGUAGE_STANDARD = "gnu++17";
				CLANG_ENABLE_MODULES = YES;
				CLANG_ENABLE_OBJC_ARC = YES;
				CLANG_ENABLE_OBJC_WEAK = YES;
				CLANG_WARN_BLOCK_CAPTURE_AUTORELEASING = YES;
				CLANG_WARN_BOOL_CONVERSION = YES;
				CLANG_WARN_COMMA = YES;
				CLANG_WARN_CONSTANT_CONVERSION = YES;
				CLANG_WARN_DEPRECATED_OBJC_IMPLEMENTATIONS = YES;
				CLANG_WARN_DIRECT_OBJC_ISA_USAGE = YES_ERROR;
				CLANG_WARN_DOCUMENTATION_COMMENTS = YES;
				CLANG_WARN_EMPTY_BODY = YES;
				CLANG_WARN_ENUM_CONVERSION = YES;
				CLANG_WARN_INFINITE_RECURSION = YES;
				CLANG_WARN_INT_CONVERSION = YES;
				CLANG_WARN_NON_LITERAL_NULL_CONVERSION = YES;
				CLANG_WARN_OBJC_IMPLICIT_RETAIN_SELF = YES;
				CLANG_WARN_OBJC_LITERAL_CONVERSION = YES;
				CLANG_WARN_OBJC_ROOT_CLASS = YES_ERROR;
				CLANG_WARN_QUOTED_INCLUDE_IN_FRAMEWORK_HEADER = YES;
				CLANG_WARN_RANGE_LOOP_ANALYSIS = YES;
				CLANG_WARN_STRICT_PROTOTYPES = YES;
				CLANG_WARN_SUSPICIOUS_MOVE = YES;
				CLANG_WARN_UNGUARDED_AVAILABILITY = YES_AGGRESSIVE;
				CLANG_WARN_UNREACHABLE_CODE = YES;
				CLANG_WARN__DUPLICATE_METHOD_MATCH = YES;
				COPY_PHASE_STRIP = NO;
				DEBUG_INFORMATION_FORMAT = "dwarf-with-dsym";
				ENABLE_NS_ASSERTIONS = NO;
				ENABLE_STRICT_OBJC_MSGSEND = YES;
				GCC_C_LANGUAGE_STANDARD = gnu11;
				GCC_NO_COMMON_BLOCKS = YES;
				GCC_WARN_64_TO_32_BIT_CONVERSION = YES;
				GCC_WARN_ABOUT_RETURN_TYPE = YES_ERROR;
				GCC_WARN_UNDECLARED_SELECTOR = YES;
				GCC_WARN_UNINITIALIZED_AUTOS = YES_AGGRESSIVE;
				GCC_WARN_UNUSED_FUNCTION = YES;
				GCC_WARN_UNUSED_VARIABLE = YES;
				IPHONEOS_DEPLOYMENT_TARGET = 15.5;
				MTL_ENABLE_DEBUG_INFO = NO;
				MTL_FAST_MATH = YES;
				SDKROOT = iphoneos;
				SWIFT_COMPILATION_MODE = wholemodule;
				SWIFT_OPTIMIZATION_LEVEL = "-O";
				VALIDATE_PRODUCT = YES;
			};
			name = Release;
		};
		32CA3DCF28A3E8D000A12933 /* Debug */ = {
			isa = XCBuildConfiguration;
			buildSettings = {
				ASSETCATALOG_COMPILER_APPICON_NAME = AppIcon;
				ASSETCATALOG_COMPILER_GLOBAL_ACCENT_COLOR_NAME = AccentColor;
				CODE_SIGN_STYLE = Automatic;
				CURRENT_PROJECT_VERSION = 1;
				DEVELOPMENT_ASSET_PATHS = "\"roaster/Preview Content\"";
				DEVELOPMENT_TEAM = F22RUMBF52;
				ENABLE_PREVIEWS = YES;
				GENERATE_INFOPLIST_FILE = YES;
				INFOPLIST_KEY_UIApplicationSceneManifest_Generation = YES;
				INFOPLIST_KEY_UIApplicationSupportsIndirectInputEvents = YES;
				INFOPLIST_KEY_UILaunchScreen_Generation = YES;
				INFOPLIST_KEY_UISupportedInterfaceOrientations_iPad = "UIInterfaceOrientationPortrait UIInterfaceOrientationPortraitUpsideDown UIInterfaceOrientationLandscapeLeft UIInterfaceOrientationLandscapeRight";
				INFOPLIST_KEY_UISupportedInterfaceOrientations_iPhone = "UIInterfaceOrientationPortrait UIInterfaceOrientationLandscapeLeft UIInterfaceOrientationLandscapeRight";
				LD_RUNPATH_SEARCH_PATHS = (
					"$(inherited)",
					"@executable_path/Frameworks",
				);
				MARKETING_VERSION = 1.0;
				PRODUCT_BUNDLE_IDENTIFIER = org.rykov.roaster;
				PRODUCT_NAME = Roaster;
				SWIFT_EMIT_LOC_STRINGS = YES;
				SWIFT_VERSION = 5.0;
				TARGETED_DEVICE_FAMILY = "1,2";
			};
			name = Debug;
		};
		32CA3DD028A3E8D000A12933 /* Release */ = {
			isa = XCBuildConfiguration;
			buildSettings = {
				ASSETCATALOG_COMPILER_APPICON_NAME = AppIcon;
				ASSETCATALOG_COMPILER_GLOBAL_ACCENT_COLOR_NAME = AccentColor;
				CODE_SIGN_STYLE = Automatic;
				CURRENT_PROJECT_VERSION = 1;
				DEVELOPMENT_ASSET_PATHS = "\"roaster/Preview Content\"";
				DEVELOPMENT_TEAM = F22RUMBF52;
				ENABLE_PREVIEWS = YES;
				GENERATE_INFOPLIST_FILE = YES;
				INFOPLIST_KEY_UIApplicationSceneManifest_Generation = YES;
				INFOPLIST_KEY_UIApplicationSupportsIndirectInputEvents = YES;
				INFOPLIST_KEY_UILaunchScreen_Generation = YES;
				INFOPLIST_KEY_UISupportedInterfaceOrientations_iPad = "UIInterfaceOrientationPortrait UIInterfaceOrientationPortraitUpsideDown UIInterfaceOrientationLandscapeLeft UIInterfaceOrientationLandscapeRight";
				INFOPLIST_KEY_UISupportedInterfaceOrientations_iPhone = "UIInterfaceOrientationPortrait UIInterfaceOrientationLandscapeLeft UIInterfaceOrientationLandscapeRight";
				LD_RUNPATH_SEARCH_PATHS = (
					"$(inherited)",
					"@executable_path/Frameworks",
				);
				MARKETING_VERSION = 1.0;
				PRODUCT_BUNDLE_IDENTIFIER = org.rykov.roaster;
				PRODUCT_NAME = Roaster;
				SWIFT_EMIT_LOC_STRINGS = YES;
				SWIFT_VERSION = 5.0;
				TARGETED_DEVICE_FAMILY = "1,2";
			};
			name = Release;
		};
/* End XCBuildConfiguration section */

/* Begin XCConfigurationList section */
		32CA3DBB28A3E8D000A12933 /* Build configuration list for PBXProject "roaster" */ = {
			isa = XCConfigurationList;
			buildConfigurations = (
				32CA3DCC28A3E8D000A12933 /* Debug */,
				32CA3DCD28A3E8D000A12933 /* Release */,
			);
			defaultConfigurationIsVisible = 0;
			defaultConfigurationName = Release;
		};
		32CA3DCE28A3E8D000A12933 /* Build configuration list for PBXNativeTarget "roaster" */ = {
			isa = XCConfigurationList;
			buildConfigurations = (
				32CA3DCF28A3E8D000A12933 /* Debug */,
				32CA3DD028A3E8D000A12933 /* Release */,
			);
			defaultConfigurationIsVisible = 0;
			defaultConfigurationName = Release;
		};
/* End XCConfigurationList section */

/* Begin XCRemoteSwiftPackageReference section */
		32B63F7328AAFFA100811E02 /* XCRemoteSwiftPackageReference "Charts" */ = {
			isa = XCRemoteSwiftPackageReference;
			repositoryURL = "https://github.com/danielgindi/Charts.git";
			requirement = {
				kind = upToNextMajorVersion;
				minimumVersion = 4.0.0;
			};
		};
/* End XCRemoteSwiftPackageReference section */

/* Begin XCSwiftPackageProductDependency section */
		32B63F7728AB001D00811E02 /* Charts */ = {
			isa = XCSwiftPackageProductDependency;
			package = 32B63F7328AAFFA100811E02 /* XCRemoteSwiftPackageReference "Charts" */;
			productName = Charts;
		};
/* End XCSwiftPackageProductDependency section */

/* Begin XCVersionGroup section */
		32B63F4628A5387600811E02 /* roaster.xcdatamodeld */ = {
			isa = XCVersionGroup;
			children = (
				32B63F4728A5387600811E02 /* roaster.xcdatamodel */,
			);
			currentVersion = 32B63F4728A5387600811E02 /* roaster.xcdatamodel */;
			path = roaster.xcdatamodeld;
			sourceTree = "<group>";
			versionGroupType = wrapper.xcdatamodel;
		};
/* End XCVersionGroup section */
	};
	rootObject = 32CA3DB828A3E8D000A12933 /* Project object */;
}
